
Microsoft Visual Studio Solution File, Format Version 12.00
# Visual Studio Version 17
VisualStudioVersion = 17.9.34723.18
MinimumVisualStudioVersion = 10.0.40219.1
Project("{FAE04EC0-301F-11D3-BF4B-00C04F79EFBC}") = "Library", "Library.csproj", "{1BD1B2F9-6576-4B7D-A77E-AA6A7F4C4F49}"
EndProject
Global
	GlobalSection(SolutionConfigurationPlatforms) = preSolution
		Debug|Any CPU = Debug|Any CPU
		Release|Any CPU = Release|Any CPU
	EndGlobalSection
	GlobalSection(ProjectConfigurationPlatforms) = postSolution
		{1BD1B2F9-6576-4B7D-A77E-AA6A7F4C4F49}.Debug|Any CPU.ActiveCfg = Debug|Any CPU
		{1BD1B2F9-6576-4B7D-A77E-AA6A7F4C4F49}.Debug|Any CPU.Build.0 = Debug|Any CPU
		{1BD1B2F9-6576-4B7D-A77E-AA6A7F4C4F49}.Release|Any CPU.ActiveCfg = Release|Any CPU
		{1BD1B2F9-6576-4B7D-A77E-AA6A7F4C4F49}.Release|Any CPU.Build.0 = Release|Any CPU
	EndGlobalSection
	GlobalSection(SolutionProperties) = preSolution
		HideSolutionNode = FALSE
	EndGlobalSection
	GlobalSection(ExtensibilityGlobals) = postSolution
		SolutionGuid = {906A83B4-FFFD-4376-BDCB-2369482647CB}
	EndGlobalSection
EndGlobal
